
Microsoft Visual Studio Solution File, Format Version 11.00
# Visual Studio Version 17

Project("{8BC9CEB8-8B4A-11D0-8D11-00A0C91BC942}") = "leoSynth - Standalone Plugin", "leoSynth_StandalonePlugin.vcxproj", "{BA8FE3F8-918A-D8D1-DEBA-2522BE4A561D}"
	ProjectSection(ProjectDependencies) = postProject
		{635E3E25-88D3-0C7C-0FE1-A2D58EA71247} = {635E3E25-88D3-0C7C-0FE1-A2D58EA71247}
	EndProjectSection
EndProject
Project("{8BC9CEB8-8B4A-11D0-8D11-00A0C91BC942}") = "leoSynth - VST3", "leoSynth_VST3.vcxproj", "{05AA758A-3EA1-F212-D119-ADD6FB615AC9}"
	ProjectSection(ProjectDependencies) = postProject
		{635E3E25-88D3-0C7C-0FE1-A2D58EA71247} = {635E3E25-88D3-0C7C-0FE1-A2D58EA71247}
	EndProjectSection
EndProject
Project("{8BC9CEB8-8B4A-11D0-8D11-00A0C91BC942}") = "leoSynth - Shared Code", "leoSynth_SharedCode.vcxproj", "{635E3E25-88D3-0C7C-0FE1-A2D58EA71247}"
EndProject
Global
	GlobalSection(SolutionConfigurationPlatforms) = preSolution
		Debug|x64 = Debug|x64
		Release|x64 = Release|x64
	EndGlobalSection
	GlobalSection(ProjectConfigurationPlatforms) = postSolution
		{05AA758A-3EA1-F212-D119-ADD6FB615AC9}.Debug|x64.ActiveCfg = Debug|x64
		{05AA758A-3EA1-F212-D119-ADD6FB615AC9}.Debug|x64.Build.0 = Debug|x64
		{05AA758A-3EA1-F212-D119-ADD6FB615AC9}.Release|x64.ActiveCfg = Release|x64
		{05AA758A-3EA1-F212-D119-ADD6FB615AC9}.Release|x64.Build.0 = Release|x64
		{BA8FE3F8-918A-D8D1-DEBA-2522BE4A561D}.Debug|x64.ActiveCfg = Debug|x64
		{BA8FE3F8-918A-D8D1-DEBA-2522BE4A561D}.Debug|x64.Build.0 = Debug|x64
		{BA8FE3F8-918A-D8D1-DEBA-2522BE4A561D}.Release|x64.ActiveCfg = Release|x64
		{BA8FE3F8-918A-D8D1-DEBA-2522BE4A561D}.Release|x64.Build.0 = Release|x64
		{635E3E25-88D3-0C7C-0FE1-A2D58EA71247}.Debug|x64.ActiveCfg = Debug|x64
		{635E3E25-88D3-0C7C-0FE1-A2D58EA71247}.Debug|x64.Build.0 = Debug|x64
		{635E3E25-88D3-0C7C-0FE1-A2D58EA71247}.Release|x64.ActiveCfg = Release|x64
		{635E3E25-88D3-0C7C-0FE1-A2D58EA71247}.Release|x64.Build.0 = Release|x64
	EndGlobalSection
	GlobalSection(SolutionProperties) = preSolution
		HideSolutionNode = FALSE
	EndGlobalSection
EndGlobal
